
Microsoft Visual Studio Solution File, Format Version 12.00
# Visual Studio Version 17
VisualStudioVersion = 17.14.36518.9
MinimumVisualStudioVersion = 10.0.40219.1
Project("{FAE04EC0-301F-11D3-BF4B-00C04F79EFBC}") = "TreinoLogica01", "TreinoLogica01\TreinoLogica01.csproj", "{AC6F11FF-BF52-476D-B4A5-502489AFB52E}"
EndProject
Project("{FAE04EC0-301F-11D3-BF4B-00C04F79EFBC}") = "TreinoLogica02", "TreinoLogica02\TreinoLogica02.csproj", "{6943B60D-6A01-4C81-875B-1CF3BC846CF1}"
EndProject
Project("{FAE04EC0-301F-11D3-BF4B-00C04F79EFBC}") = "TreinoLogica03", "TreinoLogica03\TreinoLogica03.csproj", "{9FF4D5A1-7B96-44AF-9FF4-517D1FADFBBC}"
EndProject
Project("{FAE04EC0-301F-11D3-BF4B-00C04F79EFBC}") = "TreinoLogico04", "TreinoLogico04\TreinoLogico04.csproj", "{93A97ABA-AE6F-4454-BD50-AA8601653835}"
EndProject
Project("{FAE04EC0-301F-11D3-BF4B-00C04F79EFBC}") = "TreinoLogico05", "TreinoLogico05\TreinoLogico05.csproj", "{07F68A49-FD14-4EA7-879E-9FE7C173F810}"
EndProject
Project("{FAE04EC0-301F-11D3-BF4B-00C04F79EFBC}") = "TreinoLogico06", "TreinoLogica06\TreinoLogico06.csproj", "{B4D099A6-AD7A-42D9-8DC7-782ABF051B43}"
EndProject
Project("{FAE04EC0-301F-11D3-BF4B-00C04F79EFBC}") = "TreinoLogico07", "TreinoLogico07\TreinoLogico07.csproj", "{F917A432-A20F-450E-8CED-0BC6196E250C}"
EndProject
Project("{FAE04EC0-301F-11D3-BF4B-00C04F79EFBC}") = "TreinoLogico08", "TreinoLogico08\TreinoLogico08.csproj", "{2C69B6AA-8D68-46DB-BE3A-AD5B977EA272}"
EndProject
Project("{FAE04EC0-301F-11D3-BF4B-00C04F79EFBC}") = "TreinoLogico09", "TreinoLogico09\TreinoLogico09.csproj", "{006E4600-1240-4898-B8B4-AFD157531D4C}"
EndProject
Project("{FAE04EC0-301F-11D3-BF4B-00C04F79EFBC}") = "TreinoLogico10", "TreinoLogico10\TreinoLogico10.csproj", "{4CD2BBEE-89EE-4466-A0AE-9A1876BF7E7F}"
EndProject
Project("{FAE04EC0-301F-11D3-BF4B-00C04F79EFBC}") = "TreinoLogico11", "TreinoLogico11\TreinoLogico11.csproj", "{6BECB6EE-6915-4175-A990-AEFC9A9FF93C}"
EndProject
Project("{FAE04EC0-301F-11D3-BF4B-00C04F79EFBC}") = "TreinoLogico12", "TreinoLogico12\TreinoLogico12.csproj", "{5C92E68E-BDAE-4DCF-BD8F-DE7E58228E0C}"
EndProject
Project("{FAE04EC0-301F-11D3-BF4B-00C04F79EFBC}") = "TreinoLogico13", "TreinoLogico13\TreinoLogico13.csproj", "{482D7DAA-7981-417D-B71A-40A12C36ECEA}"
EndProject
Project("{FAE04EC0-301F-11D3-BF4B-00C04F79EFBC}") = "TreinoLogico14", "TreinoLogico14\TreinoLogico14.csproj", "{8C7666A9-6FAA-472A-8B7F-A3F24A884A58}"
EndProject
Project("{FAE04EC0-301F-11D3-BF4B-00C04F79EFBC}") = "TreinoLogico15", "TreinoLogico15\TreinoLogico15.csproj", "{D350AB61-55D5-4DF4-9E22-F11207644E2E}"
EndProject
Project("{FAE04EC0-301F-11D3-BF4B-00C04F79EFBC}") = "TreinoLogico16", "TreinoLogico16\TreinoLogico16.csproj", "{11E48E69-4910-427C-A91A-C69C072DAAA9}"
EndProject
Project("{FAE04EC0-301F-11D3-BF4B-00C04F79EFBC}") = "TreinoLogico17", "TreinoLogico17\TreinoLogico17.csproj", "{92819B36-738D-4A4C-BE5E-A69B12C37240}"
EndProject
Project("{FAE04EC0-301F-11D3-BF4B-00C04F79EFBC}") = "TreinoLogico18", "TreinoLogico18\TreinoLogico18.csproj", "{10FC6364-C383-4146-80B0-9C5810B433E0}"
EndProject
Project("{FAE04EC0-301F-11D3-BF4B-00C04F79EFBC}") = "TreinoLogico19", "TreinoLogico19\TreinoLogico19.csproj", "{129D55BD-37E9-45CE-A1E2-34467F9B1BD5}"
EndProject
Project("{FAE04EC0-301F-11D3-BF4B-00C04F79EFBC}") = "TreinoLogico20", "TreinoLogico20\TreinoLogico20.csproj", "{31DFD418-AB04-418A-B34D-24F7787012FF}"
EndProject
Project("{FAE04EC0-301F-11D3-BF4B-00C04F79EFBC}") = "TreinoLogico21", "TreinoLogico21\TreinoLogico21.csproj", "{9DC049F1-F1C2-4E03-B475-6766DDC37DC0}"
EndProject
Project("{FAE04EC0-301F-11D3-BF4B-00C04F79EFBC}") = "TreinoLogico22", "TreinoLogico22\TreinoLogico22.csproj", "{D63E96C8-8ABD-4B22-9126-4C0433025855}"
EndProject
Project("{FAE04EC0-301F-11D3-BF4B-00C04F79EFBC}") = "TreinoLogico23", "TreinoLogico23\TreinoLogico23.csproj", "{26A727CE-FA6C-4A07-8DA2-7F2A5BD123D4}"
EndProject
Project("{FAE04EC0-301F-11D3-BF4B-00C04F79EFBC}") = "TreinoLogico24", "TreinoLogico24\TreinoLogico24.csproj", "{C6F3ABE0-5999-4D98-823E-E8EB8DEE82CE}"
EndProject
Project("{FAE04EC0-301F-11D3-BF4B-00C04F79EFBC}") = "TreinoLogico25", "TreinoLogico25\TreinoLogico25.csproj", "{131B6E5D-0F94-40DE-9AB0-6D1DE7BEB383}"
EndProject
Project("{FAE04EC0-301F-11D3-BF4B-00C04F79EFBC}") = "TreinoLogico26", "TreinoLogico26\TreinoLogico26.csproj", "{DA1D8CC8-B734-49AE-914E-57F02DEF49C0}"
EndProject
Project("{FAE04EC0-301F-11D3-BF4B-00C04F79EFBC}") = "TreinoLogico27", "TreinoLogico27\TreinoLogico27.csproj", "{5F299E87-FF4A-4491-9BA1-EE0D446FB7A7}"
EndProject
Project("{FAE04EC0-301F-11D3-BF4B-00C04F79EFBC}") = "TreinoLogico28", "TreinoLogico28\TreinoLogico28.csproj", "{EF482697-FE6B-40D3-8C5D-AB073ABD10BA}"
EndProject
Project("{FAE04EC0-301F-11D3-BF4B-00C04F79EFBC}") = "TreinoLogico29", "TreinoLogico29\TreinoLogico29.csproj", "{45A4AACF-CFD3-42AF-89CA-911AB88DBBFF}"
EndProject
Project("{FAE04EC0-301F-11D3-BF4B-00C04F79EFBC}") = "TreinoLogico30", "TreinoLogico30\TreinoLogico30.csproj", "{637D068D-2126-4C94-8CE6-2CB0D316801E}"
EndProject
Project("{FAE04EC0-301F-11D3-BF4B-00C04F79EFBC}") = "TreinoLogico31", "TreinoLogico31\TreinoLogico31.csproj", "{BF4EBCE7-1FD8-4A82-92D5-9B4859D557AB}"
EndProject
Project("{FAE04EC0-301F-11D3-BF4B-00C04F79EFBC}") = "TreinoLogico32", "TreinoLogico32\TreinoLogico32.csproj", "{A39A294D-850B-4C50-8057-89EAA3926A0F}"
EndProject
Project("{FAE04EC0-301F-11D3-BF4B-00C04F79EFBC}") = "TreinoLogico33", "TreinoLogico33\TreinoLogico33.csproj", "{73193314-F553-46E3-A87C-5943F4524ED0}"
EndProject
Project("{FAE04EC0-301F-11D3-BF4B-00C04F79EFBC}") = "TreinoLogico34", "TreinoLogico34\TreinoLogico34.csproj", "{00DC840B-AD40-411C-8915-C8D22078F013}"
EndProject
Project("{FAE04EC0-301F-11D3-BF4B-00C04F79EFBC}") = "TreinoLogico35", "TreinoLogico35\TreinoLogico35.csproj", "{7FBA80E7-795D-403A-9E1D-30362A496E9B}"
EndProject
Project("{FAE04EC0-301F-11D3-BF4B-00C04F79EFBC}") = "TreinoLogico36", "TreinoLogico36\TreinoLogico36.csproj", "{1AFB4DE2-3EDA-4851-98D8-6344D12B45F7}"
EndProject
Project("{FAE04EC0-301F-11D3-BF4B-00C04F79EFBC}") = "TreinoLogico37", "TreinoLogico37\TreinoLogico37.csproj", "{0CD98FDE-3E42-474C-952E-95647189922D}"
EndProject
Project("{FAE04EC0-301F-11D3-BF4B-00C04F79EFBC}") = "TreinoLogico38", "TreinoLogico38\TreinoLogico38.csproj", "{05ACC507-738F-4737-8D74-3E71AF0E87D8}"
EndProject
Project("{FAE04EC0-301F-11D3-BF4B-00C04F79EFBC}") = "TreinoLogico39", "TreinoLogico39\TreinoLogico39.csproj", "{25E4FB2E-61FE-4E74-A4F5-4932DA6D3C9C}"
EndProject
Project("{FAE04EC0-301F-11D3-BF4B-00C04F79EFBC}") = "TreinoLogico40", "TreinoLogico40\TreinoLogico40.csproj", "{CC5A7858-FD07-49B7-9D0C-1FE8EFEA29F9}"
EndProject
Project("{FAE04EC0-301F-11D3-BF4B-00C04F79EFBC}") = "TreinoLogico41", "TreinoLogico41\TreinoLogico41.csproj", "{D658C094-9FB3-43B6-9477-8EE83C772C51}"
EndProject
Project("{FAE04EC0-301F-11D3-BF4B-00C04F79EFBC}") = "TreinoLogico42", "TreinoLogico42\TreinoLogico42.csproj", "{3E873A74-935C-4A62-854C-99C51397666B}"
EndProject
Project("{FAE04EC0-301F-11D3-BF4B-00C04F79EFBC}") = "TreinoLogico43", "TreinoLogico43\TreinoLogico43.csproj", "{E644271B-57DC-4892-9B39-E75D229E18C7}"
EndProject
Project("{FAE04EC0-301F-11D3-BF4B-00C04F79EFBC}") = "TreinoLogico44", "TreinoLogico44\TreinoLogico44.csproj", "{F3CF5D72-567E-4251-AD9D-B7AAA54EC4C1}"
EndProject
Project("{FAE04EC0-301F-11D3-BF4B-00C04F79EFBC}") = "TreinoLogico45", "TreinoLogico45\TreinoLogico45.csproj", "{B25E7A0C-1AF2-4CFA-87A9-CF57AEA0A497}"
EndProject
Project("{FAE04EC0-301F-11D3-BF4B-00C04F79EFBC}") = "TreinoLogico46", "TreinoLogico46\TreinoLogico46.csproj", "{E38448BB-CAB7-4AC2-A702-1170796F9EBF}"
EndProject
Project("{FAE04EC0-301F-11D3-BF4B-00C04F79EFBC}") = "TreinoLogico47", "TreinoLogico47\TreinoLogico47.csproj", "{CE62A0E9-0D9E-471B-AC6A-A8FDFADCB141}"
EndProject
Project("{FAE04EC0-301F-11D3-BF4B-00C04F79EFBC}") = "TreinoLogico48", "TreinoLogico48\TreinoLogico48.csproj", "{97D7FCC3-55DC-47B6-A47B-5D20A1C336D4}"
EndProject
Project("{FAE04EC0-301F-11D3-BF4B-00C04F79EFBC}") = "TreinoLogico49", "TreinoLogico49\TreinoLogico49.csproj", "{45FF579B-785D-417C-ADED-5FE1DCFEF3DF}"
EndProject
Project("{FAE04EC0-301F-11D3-BF4B-00C04F79EFBC}") = "TreinoLogico50", "TreinoLogico50\TreinoLogico50.csproj", "{65BAAD43-C0AD-433D-977D-9F0889D29B2E}"
EndProject
Project("{FAE04EC0-301F-11D3-BF4B-00C04F79EFBC}") = "TreinoLogico51", "TreinoLogico51\TreinoLogico51.csproj", "{B4FB2841-F31C-4DBA-AA36-E16DFCE897D4}"
EndProject
Project("{FAE04EC0-301F-11D3-BF4B-00C04F79EFBC}") = "TreinoLogico52", "TreinoLogico52\TreinoLogico52.csproj", "{755A8B91-29C9-4CC2-AB17-A9F2E44F03CC}"
EndProject
Project("{FAE04EC0-301F-11D3-BF4B-00C04F79EFBC}") = "TreinoLogico53", "TreinoLogico53\TreinoLogico53.csproj", "{C5A5671C-AAF0-4ED0-9C7F-D64A648FA6F5}"
EndProject
Project("{FAE04EC0-301F-11D3-BF4B-00C04F79EFBC}") = "TreinoLogico54", "TreinoLogico54\TreinoLogico54.csproj", "{BCFB30E9-E9BF-44D3-9CB8-4A532DF88602}"
EndProject
Project("{FAE04EC0-301F-11D3-BF4B-00C04F79EFBC}") = "TreinoLogico55", "TreinoLogico55\TreinoLogico55.csproj", "{55A85E06-5855-42AB-9B01-4785E33D5232}"
EndProject
Project("{FAE04EC0-301F-11D3-BF4B-00C04F79EFBC}") = "TreinoLogico57", "TreinoLogico57\TreinoLogico57.csproj", "{029D7232-1B51-4107-80FE-A53EF197152A}"
EndProject
Project("{FAE04EC0-301F-11D3-BF4B-00C04F79EFBC}") = "TreinoLogico58", "TreinoLogico58\TreinoLogico58.csproj", "{451E74B7-731B-406A-9222-A6204F490BC5}"
EndProject
Project("{FAE04EC0-301F-11D3-BF4B-00C04F79EFBC}") = "TreinoLogico59", "TreinoLogico59\TreinoLogico59.csproj", "{7E546515-6FD3-4CB5-9C77-5568668D4643}"
EndProject
Project("{FAE04EC0-301F-11D3-BF4B-00C04F79EFBC}") = "TreinoLogico60", "TreinoLogico60\TreinoLogico60.csproj", "{47FF05A9-647D-4E90-8D90-86047CB1ECE5}"
EndProject
Project("{FAE04EC0-301F-11D3-BF4B-00C04F79EFBC}") = "TreinoLogico56", "TreinoLogico56\TreinoLogico56.csproj", "{6DA6B08D-7306-4335-B9BD-1D0D6E3AD0C1}"
EndProject
Global
	GlobalSection(SolutionConfigurationPlatforms) = preSolution
		Debug|Any CPU = Debug|Any CPU
		Release|Any CPU = Release|Any CPU
	EndGlobalSection
	GlobalSection(ProjectConfigurationPlatforms) = postSolution
		{AC6F11FF-BF52-476D-B4A5-502489AFB52E}.Debug|Any CPU.ActiveCfg = Debug|Any CPU
		{AC6F11FF-BF52-476D-B4A5-502489AFB52E}.Debug|Any CPU.Build.0 = Debug|Any CPU
		{AC6F11FF-BF52-476D-B4A5-502489AFB52E}.Release|Any CPU.ActiveCfg = Release|Any CPU
		{AC6F11FF-BF52-476D-B4A5-502489AFB52E}.Release|Any CPU.Build.0 = Release|Any CPU
		{6943B60D-6A01-4C81-875B-1CF3BC846CF1}.Debug|Any CPU.ActiveCfg = Debug|Any CPU
		{6943B60D-6A01-4C81-875B-1CF3BC846CF1}.Debug|Any CPU.Build.0 = Debug|Any CPU
		{6943B60D-6A01-4C81-875B-1CF3BC846CF1}.Release|Any CPU.ActiveCfg = Release|Any CPU
		{6943B60D-6A01-4C81-875B-1CF3BC846CF1}.Release|Any CPU.Build.0 = Release|Any CPU
		{9FF4D5A1-7B96-44AF-9FF4-517D1FADFBBC}.Debug|Any CPU.ActiveCfg = Debug|Any CPU
		{9FF4D5A1-7B96-44AF-9FF4-517D1FADFBBC}.Debug|Any CPU.Build.0 = Debug|Any CPU
		{9FF4D5A1-7B96-44AF-9FF4-517D1FADFBBC}.Release|Any CPU.ActiveCfg = Release|Any CPU
		{9FF4D5A1-7B96-44AF-9FF4-517D1FADFBBC}.Release|Any CPU.Build.0 = Release|Any CPU
		{93A97ABA-AE6F-4454-BD50-AA8601653835}.Debug|Any CPU.ActiveCfg = Debug|Any CPU
		{93A97ABA-AE6F-4454-BD50-AA8601653835}.Debug|Any CPU.Build.0 = Debug|Any CPU
		{93A97ABA-AE6F-4454-BD50-AA8601653835}.Release|Any CPU.ActiveCfg = Release|Any CPU
		{93A97ABA-AE6F-4454-BD50-AA8601653835}.Release|Any CPU.Build.0 = Release|Any CPU
		{07F68A49-FD14-4EA7-879E-9FE7C173F810}.Debug|Any CPU.ActiveCfg = Debug|Any CPU
		{07F68A49-FD14-4EA7-879E-9FE7C173F810}.Debug|Any CPU.Build.0 = Debug|Any CPU
		{07F68A49-FD14-4EA7-879E-9FE7C173F810}.Release|Any CPU.ActiveCfg = Release|Any CPU
		{07F68A49-FD14-4EA7-879E-9FE7C173F810}.Release|Any CPU.Build.0 = Release|Any CPU
		{B4D099A6-AD7A-42D9-8DC7-782ABF051B43}.Debug|Any CPU.ActiveCfg = Debug|Any CPU
		{B4D099A6-AD7A-42D9-8DC7-782ABF051B43}.Debug|Any CPU.Build.0 = Debug|Any CPU
		{B4D099A6-AD7A-42D9-8DC7-782ABF051B43}.Release|Any CPU.ActiveCfg = Release|Any CPU
		{B4D099A6-AD7A-42D9-8DC7-782ABF051B43}.Release|Any CPU.Build.0 = Release|Any CPU
		{F917A432-A20F-450E-8CED-0BC6196E250C}.Debug|Any CPU.ActiveCfg = Debug|Any CPU
		{F917A432-A20F-450E-8CED-0BC6196E250C}.Debug|Any CPU.Build.0 = Debug|Any CPU
		{F917A432-A20F-450E-8CED-0BC6196E250C}.Release|Any CPU.ActiveCfg = Release|Any CPU
		{F917A432-A20F-450E-8CED-0BC6196E250C}.Release|Any CPU.Build.0 = Release|Any CPU
		{2C69B6AA-8D68-46DB-BE3A-AD5B977EA272}.Debug|Any CPU.ActiveCfg = Debug|Any CPU
		{2C69B6AA-8D68-46DB-BE3A-AD5B977EA272}.Debug|Any CPU.Build.0 = Debug|Any CPU
		{2C69B6AA-8D68-46DB-BE3A-AD5B977EA272}.Release|Any CPU.ActiveCfg = Release|Any CPU
		{2C69B6AA-8D68-46DB-BE3A-AD5B977EA272}.Release|Any CPU.Build.0 = Release|Any CPU
		{006E4600-1240-4898-B8B4-AFD157531D4C}.Debug|Any CPU.ActiveCfg = Debug|Any CPU
		{006E4600-1240-4898-B8B4-AFD157531D4C}.Debug|Any CPU.Build.0 = Debug|Any CPU
		{006E4600-1240-4898-B8B4-AFD157531D4C}.Release|Any CPU.ActiveCfg = Release|Any CPU
		{006E4600-1240-4898-B8B4-AFD157531D4C}.Release|Any CPU.Build.0 = Release|Any CPU
		{4CD2BBEE-89EE-4466-A0AE-9A1876BF7E7F}.Debug|Any CPU.ActiveCfg = Debug|Any CPU
		{4CD2BBEE-89EE-4466-A0AE-9A1876BF7E7F}.Debug|Any CPU.Build.0 = Debug|Any CPU
		{4CD2BBEE-89EE-4466-A0AE-9A1876BF7E7F}.Release|Any CPU.ActiveCfg = Release|Any CPU
		{4CD2BBEE-89EE-4466-A0AE-9A1876BF7E7F}.Release|Any CPU.Build.0 = Release|Any CPU
		{6BECB6EE-6915-4175-A990-AEFC9A9FF93C}.Debug|Any CPU.ActiveCfg = Debug|Any CPU
		{6BECB6EE-6915-4175-A990-AEFC9A9FF93C}.Debug|Any CPU.Build.0 = Debug|Any CPU
		{6BECB6EE-6915-4175-A990-AEFC9A9FF93C}.Release|Any CPU.ActiveCfg = Release|Any CPU
		{6BECB6EE-6915-4175-A990-AEFC9A9FF93C}.Release|Any CPU.Build.0 = Release|Any CPU
		{5C92E68E-BDAE-4DCF-BD8F-DE7E58228E0C}.Debug|Any CPU.ActiveCfg = Debug|Any CPU
		{5C92E68E-BDAE-4DCF-BD8F-DE7E58228E0C}.Debug|Any CPU.Build.0 = Debug|Any CPU
		{5C92E68E-BDAE-4DCF-BD8F-DE7E58228E0C}.Release|Any CPU.ActiveCfg = Release|Any CPU
		{5C92E68E-BDAE-4DCF-BD8F-DE7E58228E0C}.Release|Any CPU.Build.0 = Release|Any CPU
		{482D7DAA-7981-417D-B71A-40A12C36ECEA}.Debug|Any CPU.ActiveCfg = Debug|Any CPU
		{482D7DAA-7981-417D-B71A-40A12C36ECEA}.Debug|Any CPU.Build.0 = Debug|Any CPU
		{482D7DAA-7981-417D-B71A-40A12C36ECEA}.Release|Any CPU.ActiveCfg = Release|Any CPU
		{482D7DAA-7981-417D-B71A-40A12C36ECEA}.Release|Any CPU.Build.0 = Release|Any CPU
		{8C7666A9-6FAA-472A-8B7F-A3F24A884A58}.Debug|Any CPU.ActiveCfg = Debug|Any CPU
		{8C7666A9-6FAA-472A-8B7F-A3F24A884A58}.Debug|Any CPU.Build.0 = Debug|Any CPU
		{8C7666A9-6FAA-472A-8B7F-A3F24A884A58}.Release|Any CPU.ActiveCfg = Release|Any CPU
		{8C7666A9-6FAA-472A-8B7F-A3F24A884A58}.Release|Any CPU.Build.0 = Release|Any CPU
		{D350AB61-55D5-4DF4-9E22-F11207644E2E}.Debug|Any CPU.ActiveCfg = Debug|Any CPU
		{D350AB61-55D5-4DF4-9E22-F11207644E2E}.Debug|Any CPU.Build.0 = Debug|Any CPU
		{D350AB61-55D5-4DF4-9E22-F11207644E2E}.Release|Any CPU.ActiveCfg = Release|Any CPU
		{D350AB61-55D5-4DF4-9E22-F11207644E2E}.Release|Any CPU.Build.0 = Release|Any CPU
		{11E48E69-4910-427C-A91A-C69C072DAAA9}.Debug|Any CPU.ActiveCfg = Debug|Any CPU
		{11E48E69-4910-427C-A91A-C69C072DAAA9}.Debug|Any CPU.Build.0 = Debug|Any CPU
		{11E48E69-4910-427C-A91A-C69C072DAAA9}.Release|Any CPU.ActiveCfg = Release|Any CPU
		{11E48E69-4910-427C-A91A-C69C072DAAA9}.Release|Any CPU.Build.0 = Release|Any CPU
		{92819B36-738D-4A4C-BE5E-A69B12C37240}.Debug|Any CPU.ActiveCfg = Debug|Any CPU
		{92819B36-738D-4A4C-BE5E-A69B12C37240}.Debug|Any CPU.Build.0 = Debug|Any CPU
		{92819B36-738D-4A4C-BE5E-A69B12C37240}.Release|Any CPU.ActiveCfg = Release|Any CPU
		{92819B36-738D-4A4C-BE5E-A69B12C37240}.Release|Any CPU.Build.0 = Release|Any CPU
		{10FC6364-C383-4146-80B0-9C5810B433E0}.Debug|Any CPU.ActiveCfg = Debug|Any CPU
		{10FC6364-C383-4146-80B0-9C5810B433E0}.Debug|Any CPU.Build.0 = Debug|Any CPU
		{10FC6364-C383-4146-80B0-9C5810B433E0}.Release|Any CPU.ActiveCfg = Release|Any CPU
		{10FC6364-C383-4146-80B0-9C5810B433E0}.Release|Any CPU.Build.0 = Release|Any CPU
		{129D55BD-37E9-45CE-A1E2-34467F9B1BD5}.Debug|Any CPU.ActiveCfg = Debug|Any CPU
		{129D55BD-37E9-45CE-A1E2-34467F9B1BD5}.Debug|Any CPU.Build.0 = Debug|Any CPU
		{129D55BD-37E9-45CE-A1E2-34467F9B1BD5}.Release|Any CPU.ActiveCfg = Release|Any CPU
		{129D55BD-37E9-45CE-A1E2-34467F9B1BD5}.Release|Any CPU.Build.0 = Release|Any CPU
		{31DFD418-AB04-418A-B34D-24F7787012FF}.Debug|Any CPU.ActiveCfg = Debug|Any CPU
		{31DFD418-AB04-418A-B34D-24F7787012FF}.Debug|Any CPU.Build.0 = Debug|Any CPU
		{31DFD418-AB04-418A-B34D-24F7787012FF}.Release|Any CPU.ActiveCfg = Release|Any CPU
		{31DFD418-AB04-418A-B34D-24F7787012FF}.Release|Any CPU.Build.0 = Release|Any CPU
		{9DC049F1-F1C2-4E03-B475-6766DDC37DC0}.Debug|Any CPU.ActiveCfg = Debug|Any CPU
		{9DC049F1-F1C2-4E03-B475-6766DDC37DC0}.Debug|Any CPU.Build.0 = Debug|Any CPU
		{9DC049F1-F1C2-4E03-B475-6766DDC37DC0}.Release|Any CPU.ActiveCfg = Release|Any CPU
		{9DC049F1-F1C2-4E03-B475-6766DDC37DC0}.Release|Any CPU.Build.0 = Release|Any CPU
		{D63E96C8-8ABD-4B22-9126-4C0433025855}.Debug|Any CPU.ActiveCfg = Debug|Any CPU
		{D63E96C8-8ABD-4B22-9126-4C0433025855}.Debug|Any CPU.Build.0 = Debug|Any CPU
		{D63E96C8-8ABD-4B22-9126-4C0433025855}.Release|Any CPU.ActiveCfg = Release|Any CPU
		{D63E96C8-8ABD-4B22-9126-4C0433025855}.Release|Any CPU.Build.0 = Release|Any CPU
		{26A727CE-FA6C-4A07-8DA2-7F2A5BD123D4}.Debug|Any CPU.ActiveCfg = Debug|Any CPU
		{26A727CE-FA6C-4A07-8DA2-7F2A5BD123D4}.Debug|Any CPU.Build.0 = Debug|Any CPU
		{26A727CE-FA6C-4A07-8DA2-7F2A5BD123D4}.Release|Any CPU.ActiveCfg = Release|Any CPU
		{26A727CE-FA6C-4A07-8DA2-7F2A5BD123D4}.Release|Any CPU.Build.0 = Release|Any CPU
		{C6F3ABE0-5999-4D98-823E-E8EB8DEE82CE}.Debug|Any CPU.ActiveCfg = Debug|Any CPU
		{C6F3ABE0-5999-4D98-823E-E8EB8DEE82CE}.Debug|Any CPU.Build.0 = Debug|Any CPU
		{C6F3ABE0-5999-4D98-823E-E8EB8DEE82CE}.Release|Any CPU.ActiveCfg = Release|Any CPU
		{C6F3ABE0-5999-4D98-823E-E8EB8DEE82CE}.Release|Any CPU.Build.0 = Release|Any CPU
		{131B6E5D-0F94-40DE-9AB0-6D1DE7BEB383}.Debug|Any CPU.ActiveCfg = Debug|Any CPU
		{131B6E5D-0F94-40DE-9AB0-6D1DE7BEB383}.Debug|Any CPU.Build.0 = Debug|Any CPU
		{131B6E5D-0F94-40DE-9AB0-6D1DE7BEB383}.Release|Any CPU.ActiveCfg = Release|Any CPU
		{131B6E5D-0F94-40DE-9AB0-6D1DE7BEB383}.Release|Any CPU.Build.0 = Release|Any CPU
		{DA1D8CC8-B734-49AE-914E-57F02DEF49C0}.Debug|Any CPU.ActiveCfg = Debug|Any CPU
		{DA1D8CC8-B734-49AE-914E-57F02DEF49C0}.Debug|Any CPU.Build.0 = Debug|Any CPU
		{DA1D8CC8-B734-49AE-914E-57F02DEF49C0}.Release|Any CPU.ActiveCfg = Release|Any CPU
		{DA1D8CC8-B734-49AE-914E-57F02DEF49C0}.Release|Any CPU.Build.0 = Release|Any CPU
		{5F299E87-FF4A-4491-9BA1-EE0D446FB7A7}.Debug|Any CPU.ActiveCfg = Debug|Any CPU
		{5F299E87-FF4A-4491-9BA1-EE0D446FB7A7}.Debug|Any CPU.Build.0 = Debug|Any CPU
		{5F299E87-FF4A-4491-9BA1-EE0D446FB7A7}.Release|Any CPU.ActiveCfg = Release|Any CPU
		{5F299E87-FF4A-4491-9BA1-EE0D446FB7A7}.Release|Any CPU.Build.0 = Release|Any CPU
		{EF482697-FE6B-40D3-8C5D-AB073ABD10BA}.Debug|Any CPU.ActiveCfg = Debug|Any CPU
		{EF482697-FE6B-40D3-8C5D-AB073ABD10BA}.Debug|Any CPU.Build.0 = Debug|Any CPU
		{EF482697-FE6B-40D3-8C5D-AB073ABD10BA}.Release|Any CPU.ActiveCfg = Release|Any CPU
		{EF482697-FE6B-40D3-8C5D-AB073ABD10BA}.Release|Any CPU.Build.0 = Release|Any CPU
		{45A4AACF-CFD3-42AF-89CA-911AB88DBBFF}.Debug|Any CPU.ActiveCfg = Debug|Any CPU
		{45A4AACF-CFD3-42AF-89CA-911AB88DBBFF}.Debug|Any CPU.Build.0 = Debug|Any CPU
		{45A4AACF-CFD3-42AF-89CA-911AB88DBBFF}.Release|Any CPU.ActiveCfg = Release|Any CPU
		{45A4AACF-CFD3-42AF-89CA-911AB88DBBFF}.Release|Any CPU.Build.0 = Release|Any CPU
		{637D068D-2126-4C94-8CE6-2CB0D316801E}.Debug|Any CPU.ActiveCfg = Debug|Any CPU
		{637D068D-2126-4C94-8CE6-2CB0D316801E}.Debug|Any CPU.Build.0 = Debug|Any CPU
		{637D068D-2126-4C94-8CE6-2CB0D316801E}.Release|Any CPU.ActiveCfg = Release|Any CPU
		{637D068D-2126-4C94-8CE6-2CB0D316801E}.Release|Any CPU.Build.0 = Release|Any CPU
		{BF4EBCE7-1FD8-4A82-92D5-9B4859D557AB}.Debug|Any CPU.ActiveCfg = Debug|Any CPU
		{BF4EBCE7-1FD8-4A82-92D5-9B4859D557AB}.Debug|Any CPU.Build.0 = Debug|Any CPU
		{BF4EBCE7-1FD8-4A82-92D5-9B4859D557AB}.Release|Any CPU.ActiveCfg = Release|Any CPU
		{BF4EBCE7-1FD8-4A82-92D5-9B4859D557AB}.Release|Any CPU.Build.0 = Release|Any CPU
		{A39A294D-850B-4C50-8057-89EAA3926A0F}.Debug|Any CPU.ActiveCfg = Debug|Any CPU
		{A39A294D-850B-4C50-8057-89EAA3926A0F}.Debug|Any CPU.Build.0 = Debug|Any CPU
		{A39A294D-850B-4C50-8057-89EAA3926A0F}.Release|Any CPU.ActiveCfg = Release|Any CPU
		{A39A294D-850B-4C50-8057-89EAA3926A0F}.Release|Any CPU.Build.0 = Release|Any CPU
		{73193314-F553-46E3-A87C-5943F4524ED0}.Debug|Any CPU.ActiveCfg = Debug|Any CPU
		{73193314-F553-46E3-A87C-5943F4524ED0}.Debug|Any CPU.Build.0 = Debug|Any CPU
		{73193314-F553-46E3-A87C-5943F4524ED0}.Release|Any CPU.ActiveCfg = Release|Any CPU
		{73193314-F553-46E3-A87C-5943F4524ED0}.Release|Any CPU.Build.0 = Release|Any CPU
		{00DC840B-AD40-411C-8915-C8D22078F013}.Debug|Any CPU.ActiveCfg = Debug|Any CPU
		{00DC840B-AD40-411C-8915-C8D22078F013}.Debug|Any CPU.Build.0 = Debug|Any CPU
		{00DC840B-AD40-411C-8915-C8D22078F013}.Release|Any CPU.ActiveCfg = Release|Any CPU
		{00DC840B-AD40-411C-8915-C8D22078F013}.Release|Any CPU.Build.0 = Release|Any CPU
		{7FBA80E7-795D-403A-9E1D-30362A496E9B}.Debug|Any CPU.ActiveCfg = Debug|Any CPU
		{7FBA80E7-795D-403A-9E1D-30362A496E9B}.Debug|Any CPU.Build.0 = Debug|Any CPU
		{7FBA80E7-795D-403A-9E1D-30362A496E9B}.Release|Any CPU.ActiveCfg = Release|Any CPU
		{7FBA80E7-795D-403A-9E1D-30362A496E9B}.Release|Any CPU.Build.0 = Release|Any CPU
		{1AFB4DE2-3EDA-4851-98D8-6344D12B45F7}.Debug|Any CPU.ActiveCfg = Debug|Any CPU
		{1AFB4DE2-3EDA-4851-98D8-6344D12B45F7}.Debug|Any CPU.Build.0 = Debug|Any CPU
		{1AFB4DE2-3EDA-4851-98D8-6344D12B45F7}.Release|Any CPU.ActiveCfg = Release|Any CPU
		{1AFB4DE2-3EDA-4851-98D8-6344D12B45F7}.Release|Any CPU.Build.0 = Release|Any CPU
		{0CD98FDE-3E42-474C-952E-95647189922D}.Debug|Any CPU.ActiveCfg = Debug|Any CPU
		{0CD98FDE-3E42-474C-952E-95647189922D}.Debug|Any CPU.Build.0 = Debug|Any CPU
		{0CD98FDE-3E42-474C-952E-95647189922D}.Release|Any CPU.ActiveCfg = Release|Any CPU
		{0CD98FDE-3E42-474C-952E-95647189922D}.Release|Any CPU.Build.0 = Release|Any CPU
		{05ACC507-738F-4737-8D74-3E71AF0E87D8}.Debug|Any CPU.ActiveCfg = Debug|Any CPU
		{05ACC507-738F-4737-8D74-3E71AF0E87D8}.Debug|Any CPU.Build.0 = Debug|Any CPU
		{05ACC507-738F-4737-8D74-3E71AF0E87D8}.Release|Any CPU.ActiveCfg = Release|Any CPU
		{05ACC507-738F-4737-8D74-3E71AF0E87D8}.Release|Any CPU.Build.0 = Release|Any CPU
		{25E4FB2E-61FE-4E74-A4F5-4932DA6D3C9C}.Debug|Any CPU.ActiveCfg = Debug|Any CPU
		{25E4FB2E-61FE-4E74-A4F5-4932DA6D3C9C}.Debug|Any CPU.Build.0 = Debug|Any CPU
		{25E4FB2E-61FE-4E74-A4F5-4932DA6D3C9C}.Release|Any CPU.ActiveCfg = Release|Any CPU
		{25E4FB2E-61FE-4E74-A4F5-4932DA6D3C9C}.Release|Any CPU.Build.0 = Release|Any CPU
		{CC5A7858-FD07-49B7-9D0C-1FE8EFEA29F9}.Debug|Any CPU.ActiveCfg = Debug|Any CPU
		{CC5A7858-FD07-49B7-9D0C-1FE8EFEA29F9}.Debug|Any CPU.Build.0 = Debug|Any CPU
		{CC5A7858-FD07-49B7-9D0C-1FE8EFEA29F9}.Release|Any CPU.ActiveCfg = Release|Any CPU
		{CC5A7858-FD07-49B7-9D0C-1FE8EFEA29F9}.Release|Any CPU.Build.0 = Release|Any CPU
		{D658C094-9FB3-43B6-9477-8EE83C772C51}.Debug|Any CPU.ActiveCfg = Debug|Any CPU
		{D658C094-9FB3-43B6-9477-8EE83C772C51}.Debug|Any CPU.Build.0 = Debug|Any CPU
		{D658C094-9FB3-43B6-9477-8EE83C772C51}.Release|Any CPU.ActiveCfg = Release|Any CPU
		{D658C094-9FB3-43B6-9477-8EE83C772C51}.Release|Any CPU.Build.0 = Release|Any CPU
		{3E873A74-935C-4A62-854C-99C51397666B}.Debug|Any CPU.ActiveCfg = Debug|Any CPU
		{3E873A74-935C-4A62-854C-99C51397666B}.Debug|Any CPU.Build.0 = Debug|Any CPU
		{3E873A74-935C-4A62-854C-99C51397666B}.Release|Any CPU.ActiveCfg = Release|Any CPU
		{3E873A74-935C-4A62-854C-99C51397666B}.Release|Any CPU.Build.0 = Release|Any CPU
		{E644271B-57DC-4892-9B39-E75D229E18C7}.Debug|Any CPU.ActiveCfg = Debug|Any CPU
		{E644271B-57DC-4892-9B39-E75D229E18C7}.Debug|Any CPU.Build.0 = Debug|Any CPU
		{E644271B-57DC-4892-9B39-E75D229E18C7}.Release|Any CPU.ActiveCfg = Release|Any CPU
		{E644271B-57DC-4892-9B39-E75D229E18C7}.Release|Any CPU.Build.0 = Release|Any CPU
		{F3CF5D72-567E-4251-AD9D-B7AAA54EC4C1}.Debug|Any CPU.ActiveCfg = Debug|Any CPU
		{F3CF5D72-567E-4251-AD9D-B7AAA54EC4C1}.Debug|Any CPU.Build.0 = Debug|Any CPU
		{F3CF5D72-567E-4251-AD9D-B7AAA54EC4C1}.Release|Any CPU.ActiveCfg = Release|Any CPU
		{F3CF5D72-567E-4251-AD9D-B7AAA54EC4C1}.Release|Any CPU.Build.0 = Release|Any CPU
		{B25E7A0C-1AF2-4CFA-87A9-CF57AEA0A497}.Debug|Any CPU.ActiveCfg = Debug|Any CPU
		{B25E7A0C-1AF2-4CFA-87A9-CF57AEA0A497}.Debug|Any CPU.Build.0 = Debug|Any CPU
		{B25E7A0C-1AF2-4CFA-87A9-CF57AEA0A497}.Release|Any CPU.ActiveCfg = Release|Any CPU
		{B25E7A0C-1AF2-4CFA-87A9-CF57AEA0A497}.Release|Any CPU.Build.0 = Release|Any CPU
		{E38448BB-CAB7-4AC2-A702-1170796F9EBF}.Debug|Any CPU.ActiveCfg = Debug|Any CPU
		{E38448BB-CAB7-4AC2-A702-1170796F9EBF}.Debug|Any CPU.Build.0 = Debug|Any CPU
		{E38448BB-CAB7-4AC2-A702-1170796F9EBF}.Release|Any CPU.ActiveCfg = Release|Any CPU
		{E38448BB-CAB7-4AC2-A702-1170796F9EBF}.Release|Any CPU.Build.0 = Release|Any CPU
		{CE62A0E9-0D9E-471B-AC6A-A8FDFADCB141}.Debug|Any CPU.ActiveCfg = Debug|Any CPU
		{CE62A0E9-0D9E-471B-AC6A-A8FDFADCB141}.Debug|Any CPU.Build.0 = Debug|Any CPU
		{CE62A0E9-0D9E-471B-AC6A-A8FDFADCB141}.Release|Any CPU.ActiveCfg = Release|Any CPU
		{CE62A0E9-0D9E-471B-AC6A-A8FDFADCB141}.Release|Any CPU.Build.0 = Release|Any CPU
		{97D7FCC3-55DC-47B6-A47B-5D20A1C336D4}.Debug|Any CPU.ActiveCfg = Debug|Any CPU
		{97D7FCC3-55DC-47B6-A47B-5D20A1C336D4}.Debug|Any CPU.Build.0 = Debug|Any CPU
		{97D7FCC3-55DC-47B6-A47B-5D20A1C336D4}.Release|Any CPU.ActiveCfg = Release|Any CPU
		{97D7FCC3-55DC-47B6-A47B-5D20A1C336D4}.Release|Any CPU.Build.0 = Release|Any CPU
		{45FF579B-785D-417C-ADED-5FE1DCFEF3DF}.Debug|Any CPU.ActiveCfg = Debug|Any CPU
		{45FF579B-785D-417C-ADED-5FE1DCFEF3DF}.Debug|Any CPU.Build.0 = Debug|Any CPU
		{45FF579B-785D-417C-ADED-5FE1DCFEF3DF}.Release|Any CPU.ActiveCfg = Release|Any CPU
		{45FF579B-785D-417C-ADED-5FE1DCFEF3DF}.Release|Any CPU.Build.0 = Release|Any CPU
		{65BAAD43-C0AD-433D-977D-9F0889D29B2E}.Debug|Any CPU.ActiveCfg = Debug|Any CPU
		{65BAAD43-C0AD-433D-977D-9F0889D29B2E}.Debug|Any CPU.Build.0 = Debug|Any CPU
		{65BAAD43-C0AD-433D-977D-9F0889D29B2E}.Release|Any CPU.ActiveCfg = Release|Any CPU
		{65BAAD43-C0AD-433D-977D-9F0889D29B2E}.Release|Any CPU.Build.0 = Release|Any CPU
		{B4FB2841-F31C-4DBA-AA36-E16DFCE897D4}.Debug|Any CPU.ActiveCfg = Debug|Any CPU
		{B4FB2841-F31C-4DBA-AA36-E16DFCE897D4}.Debug|Any CPU.Build.0 = Debug|Any CPU
		{B4FB2841-F31C-4DBA-AA36-E16DFCE897D4}.Release|Any CPU.ActiveCfg = Release|Any CPU
		{B4FB2841-F31C-4DBA-AA36-E16DFCE897D4}.Release|Any CPU.Build.0 = Release|Any CPU
		{755A8B91-29C9-4CC2-AB17-A9F2E44F03CC}.Debug|Any CPU.ActiveCfg = Debug|Any CPU
		{755A8B91-29C9-4CC2-AB17-A9F2E44F03CC}.Debug|Any CPU.Build.0 = Debug|Any CPU
		{755A8B91-29C9-4CC2-AB17-A9F2E44F03CC}.Release|Any CPU.ActiveCfg = Release|Any CPU
		{755A8B91-29C9-4CC2-AB17-A9F2E44F03CC}.Release|Any CPU.Build.0 = Release|Any CPU
		{C5A5671C-AAF0-4ED0-9C7F-D64A648FA6F5}.Debug|Any CPU.ActiveCfg = Debug|Any CPU
		{C5A5671C-AAF0-4ED0-9C7F-D64A648FA6F5}.Debug|Any CPU.Build.0 = Debug|Any CPU
		{C5A5671C-AAF0-4ED0-9C7F-D64A648FA6F5}.Release|Any CPU.ActiveCfg = Release|Any CPU
		{C5A5671C-AAF0-4ED0-9C7F-D64A648FA6F5}.Release|Any CPU.Build.0 = Release|Any CPU
		{BCFB30E9-E9BF-44D3-9CB8-4A532DF88602}.Debug|Any CPU.ActiveCfg = Debug|Any CPU
		{BCFB30E9-E9BF-44D3-9CB8-4A532DF88602}.Debug|Any CPU.Build.0 = Debug|Any CPU
		{BCFB30E9-E9BF-44D3-9CB8-4A532DF88602}.Release|Any CPU.ActiveCfg = Release|Any CPU
		{BCFB30E9-E9BF-44D3-9CB8-4A532DF88602}.Release|Any CPU.Build.0 = Release|Any CPU
		{55A85E06-5855-42AB-9B01-4785E33D5232}.Debug|Any CPU.ActiveCfg = Debug|Any CPU
		{55A85E06-5855-42AB-9B01-4785E33D5232}.Debug|Any CPU.Build.0 = Debug|Any CPU
		{55A85E06-5855-42AB-9B01-4785E33D5232}.Release|Any CPU.ActiveCfg = Release|Any CPU
		{55A85E06-5855-42AB-9B01-4785E33D5232}.Release|Any CPU.Build.0 = Release|Any CPU
		{029D7232-1B51-4107-80FE-A53EF197152A}.Debug|Any CPU.ActiveCfg = Debug|Any CPU
		{029D7232-1B51-4107-80FE-A53EF197152A}.Debug|Any CPU.Build.0 = Debug|Any CPU
		{029D7232-1B51-4107-80FE-A53EF197152A}.Release|Any CPU.ActiveCfg = Release|Any CPU
		{029D7232-1B51-4107-80FE-A53EF197152A}.Release|Any CPU.Build.0 = Release|Any CPU
		{451E74B7-731B-406A-9222-A6204F490BC5}.Debug|Any CPU.ActiveCfg = Debug|Any CPU
		{451E74B7-731B-406A-9222-A6204F490BC5}.Debug|Any CPU.Build.0 = Debug|Any CPU
		{451E74B7-731B-406A-9222-A6204F490BC5}.Release|Any CPU.ActiveCfg = Release|Any CPU
		{451E74B7-731B-406A-9222-A6204F490BC5}.Release|Any CPU.Build.0 = Release|Any CPU
		{7E546515-6FD3-4CB5-9C77-5568668D4643}.Debug|Any CPU.ActiveCfg = Debug|Any CPU
		{7E546515-6FD3-4CB5-9C77-5568668D4643}.Debug|Any CPU.Build.0 = Debug|Any CPU
		{7E546515-6FD3-4CB5-9C77-5568668D4643}.Release|Any CPU.ActiveCfg = Release|Any CPU
		{7E546515-6FD3-4CB5-9C77-5568668D4643}.Release|Any CPU.Build.0 = Release|Any CPU
		{47FF05A9-647D-4E90-8D90-86047CB1ECE5}.Debug|Any CPU.ActiveCfg = Debug|Any CPU
		{47FF05A9-647D-4E90-8D90-86047CB1ECE5}.Debug|Any CPU.Build.0 = Debug|Any CPU
		{47FF05A9-647D-4E90-8D90-86047CB1ECE5}.Release|Any CPU.ActiveCfg = Release|Any CPU
		{47FF05A9-647D-4E90-8D90-86047CB1ECE5}.Release|Any CPU.Build.0 = Release|Any CPU
		{6DA6B08D-7306-4335-B9BD-1D0D6E3AD0C1}.Debug|Any CPU.ActiveCfg = Debug|Any CPU
		{6DA6B08D-7306-4335-B9BD-1D0D6E3AD0C1}.Debug|Any CPU.Build.0 = Debug|Any CPU
		{6DA6B08D-7306-4335-B9BD-1D0D6E3AD0C1}.Release|Any CPU.ActiveCfg = Release|Any CPU
		{6DA6B08D-7306-4335-B9BD-1D0D6E3AD0C1}.Release|Any CPU.Build.0 = Release|Any CPU
	EndGlobalSection
	GlobalSection(SolutionProperties) = preSolution
		HideSolutionNode = FALSE
	EndGlobalSection
	GlobalSection(ExtensibilityGlobals) = postSolution
		SolutionGuid = {CA3CB8DA-5EF2-43FD-8BD3-C6960CB45D62}
	EndGlobalSection
EndGlobal
